
Microsoft Visual Studio Solution File, Format Version 12.00
# Visual Studio Version 17
VisualStudioVersion = 17.4.33205.214
MinimumVisualStudioVersion = 10.0.40219.1
Project("{9A19103F-16F7-4668-BE54-9A1E7A4F7556}") = "CS_Basic.Task_4_3_12", "CS_Basic.Task_4_3_12\CS_Basic.Task_4_3_12.csproj", "{B79235D6-4A2F-4702-8552-ABA161E48564}"
EndProject
Project("{9A19103F-16F7-4668-BE54-9A1E7A4F7556}") = "CS_Basic.Module_4", "CS_Basic.Module_4\CS_Basic.Module_4.csproj", "{6CCBDDF2-2DFB-45B0-BA02-3D98E7F1B2B2}"
EndProject
Project("{9A19103F-16F7-4668-BE54-9A1E7A4F7556}") = "CS_Basic.Module_5_Task_1", "CS_Basic.Module_5_Task_1\CS_Basic.Module_5_Task_1.csproj", "{FDE929D3-496B-4652-AB82-40E2DAB564E4}"
EndProject
Project("{9A19103F-16F7-4668-BE54-9A1E7A4F7556}") = "CS_Basic.Module_5_Task_1_5", "CS_Basic.Module_5_Task_1_5\CS_Basic.Module_5_Task_1_5.csproj", "{90C5F04A-38B6-4E8E-9A81-5033CE06BA0D}"
EndProject
Project("{FAE04EC0-301F-11D3-BF4B-00C04F79EFBC}") = "CS_Basic.Module_5_Task_1_6", "CS_Basic.Module_5_Task_1_6\CS_Basic.Module_5_Task_1_6.csproj", "{FAF993B4-5BA8-463F-900E-C5CE5175D885}"
EndProject
Project("{FAE04EC0-301F-11D3-BF4B-00C04F79EFBC}") = "CS_Basic.Module_5_Task_2_2", "CS_Basic.Module_5_Task_2_2\CS_Basic.Module_5_Task_2_2.csproj", "{23C8D63D-720A-4419-B8C1-477007650748}"
EndProject
Project("{FAE04EC0-301F-11D3-BF4B-00C04F79EFBC}") = "CS_Basic.Module_5_Task_2_8", "CS_Basic.Module_5_Task_2_8\CS_Basic.Module_5_Task_2_8.csproj", "{A7AFCBAA-C6A7-48E1-90FE-CAC09F600077}"
EndProject
Project("{FAE04EC0-301F-11D3-BF4B-00C04F79EFBC}") = "CS_Basic.Module_5_Task_2_17", "CS_Basic.Module_5_Task_2_17\CS_Basic.Module_5_Task_2_17.csproj", "{B23E9D19-9A7E-4F1F-96D8-806D02F5F92E}"
EndProject
Project("{FAE04EC0-301F-11D3-BF4B-00C04F79EFBC}") = "CS_Basic.Module_5_Task_3_", "CS_Basic.Module_5_Task_3_\CS_Basic.Module_5_Task_3_.csproj", "{D89C7A15-4C46-4910-9B37-0971B063E14B}"
EndProject
Project("{FAE04EC0-301F-11D3-BF4B-00C04F79EFBC}") = "CS_Basic,Module_5_Task_3_5+", "CS_Basic,Module_5_Task_3_5+\CS_Basic,Module_5_Task_3_5+.csproj", "{C71663A2-EA12-4504-9140-E99C589FFAE4}"
EndProject
Global
	GlobalSection(SolutionConfigurationPlatforms) = preSolution
		Debug|Any CPU = Debug|Any CPU
		Release|Any CPU = Release|Any CPU
	EndGlobalSection
	GlobalSection(ProjectConfigurationPlatforms) = postSolution
		{B79235D6-4A2F-4702-8552-ABA161E48564}.Debug|Any CPU.ActiveCfg = Debug|Any CPU
		{B79235D6-4A2F-4702-8552-ABA161E48564}.Debug|Any CPU.Build.0 = Debug|Any CPU
		{B79235D6-4A2F-4702-8552-ABA161E48564}.Release|Any CPU.ActiveCfg = Release|Any CPU
		{B79235D6-4A2F-4702-8552-ABA161E48564}.Release|Any CPU.Build.0 = Release|Any CPU
		{6CCBDDF2-2DFB-45B0-BA02-3D98E7F1B2B2}.Debug|Any CPU.ActiveCfg = Debug|Any CPU
		{6CCBDDF2-2DFB-45B0-BA02-3D98E7F1B2B2}.Debug|Any CPU.Build.0 = Debug|Any CPU
		{6CCBDDF2-2DFB-45B0-BA02-3D98E7F1B2B2}.Release|Any CPU.ActiveCfg = Release|Any CPU
		{6CCBDDF2-2DFB-45B0-BA02-3D98E7F1B2B2}.Release|Any CPU.Build.0 = Release|Any CPU
		{FDE929D3-496B-4652-AB82-40E2DAB564E4}.Debug|Any CPU.ActiveCfg = Debug|Any CPU
		{FDE929D3-496B-4652-AB82-40E2DAB564E4}.Debug|Any CPU.Build.0 = Debug|Any CPU
		{FDE929D3-496B-4652-AB82-40E2DAB564E4}.Release|Any CPU.ActiveCfg = Release|Any CPU
		{FDE929D3-496B-4652-AB82-40E2DAB564E4}.Release|Any CPU.Build.0 = Release|Any CPU
		{90C5F04A-38B6-4E8E-9A81-5033CE06BA0D}.Debug|Any CPU.ActiveCfg = Debug|Any CPU
		{90C5F04A-38B6-4E8E-9A81-5033CE06BA0D}.Debug|Any CPU.Build.0 = Debug|Any CPU
		{90C5F04A-38B6-4E8E-9A81-5033CE06BA0D}.Release|Any CPU.ActiveCfg = Release|Any CPU
		{90C5F04A-38B6-4E8E-9A81-5033CE06BA0D}.Release|Any CPU.Build.0 = Release|Any CPU
		{FAF993B4-5BA8-463F-900E-C5CE5175D885}.Debug|Any CPU.ActiveCfg = Debug|Any CPU
		{FAF993B4-5BA8-463F-900E-C5CE5175D885}.Debug|Any CPU.Build.0 = Debug|Any CPU
		{FAF993B4-5BA8-463F-900E-C5CE5175D885}.Release|Any CPU.ActiveCfg = Release|Any CPU
		{FAF993B4-5BA8-463F-900E-C5CE5175D885}.Release|Any CPU.Build.0 = Release|Any CPU
		{23C8D63D-720A-4419-B8C1-477007650748}.Debug|Any CPU.ActiveCfg = Debug|Any CPU
		{23C8D63D-720A-4419-B8C1-477007650748}.Debug|Any CPU.Build.0 = Debug|Any CPU
		{23C8D63D-720A-4419-B8C1-477007650748}.Release|Any CPU.ActiveCfg = Release|Any CPU
		{23C8D63D-720A-4419-B8C1-477007650748}.Release|Any CPU.Build.0 = Release|Any CPU
		{A7AFCBAA-C6A7-48E1-90FE-CAC09F600077}.Debug|Any CPU.ActiveCfg = Debug|Any CPU
		{A7AFCBAA-C6A7-48E1-90FE-CAC09F600077}.Debug|Any CPU.Build.0 = Debug|Any CPU
		{A7AFCBAA-C6A7-48E1-90FE-CAC09F600077}.Release|Any CPU.ActiveCfg = Release|Any CPU
		{A7AFCBAA-C6A7-48E1-90FE-CAC09F600077}.Release|Any CPU.Build.0 = Release|Any CPU
		{B23E9D19-9A7E-4F1F-96D8-806D02F5F92E}.Debug|Any CPU.ActiveCfg = Debug|Any CPU
		{B23E9D19-9A7E-4F1F-96D8-806D02F5F92E}.Debug|Any CPU.Build.0 = Debug|Any CPU
		{B23E9D19-9A7E-4F1F-96D8-806D02F5F92E}.Release|Any CPU.ActiveCfg = Release|Any CPU
		{B23E9D19-9A7E-4F1F-96D8-806D02F5F92E}.Release|Any CPU.Build.0 = Release|Any CPU
		{D89C7A15-4C46-4910-9B37-0971B063E14B}.Debug|Any CPU.ActiveCfg = Debug|Any CPU
		{D89C7A15-4C46-4910-9B37-0971B063E14B}.Debug|Any CPU.Build.0 = Debug|Any CPU
		{D89C7A15-4C46-4910-9B37-0971B063E14B}.Release|Any CPU.ActiveCfg = Release|Any CPU
		{D89C7A15-4C46-4910-9B37-0971B063E14B}.Release|Any CPU.Build.0 = Release|Any CPU
		{C71663A2-EA12-4504-9140-E99C589FFAE4}.Debug|Any CPU.ActiveCfg = Debug|Any CPU
		{C71663A2-EA12-4504-9140-E99C589FFAE4}.Debug|Any CPU.Build.0 = Debug|Any CPU
		{C71663A2-EA12-4504-9140-E99C589FFAE4}.Release|Any CPU.ActiveCfg = Release|Any CPU
		{C71663A2-EA12-4504-9140-E99C589FFAE4}.Release|Any CPU.Build.0 = Release|Any CPU
	EndGlobalSection
	GlobalSection(SolutionProperties) = preSolution
		HideSolutionNode = FALSE
	EndGlobalSection
	GlobalSection(ExtensibilityGlobals) = postSolution
		SolutionGuid = {306CD59B-5A33-4E25-A574-58CFAD8CF70E}
	EndGlobalSection
EndGlobal
