
Microsoft Visual Studio Solution File, Format Version 12.00
# Visual Studio Version 17
VisualStudioVersion = 17.4.33205.214
MinimumVisualStudioVersion = 10.0.40219.1
Project("{9A19103F-16F7-4668-BE54-9A1E7A4F7556}") = "CS_Basic.Task_4_3_12", "CS_Basic.Task_4_3_12\CS_Basic.Task_4_3_12.csproj", "{B79235D6-4A2F-4702-8552-ABA161E48564}"
EndProject
Project("{9A19103F-16F7-4668-BE54-9A1E7A4F7556}") = "CS_Basic.Module_4", "CS_Basic.Module_4\CS_Basic.Module_4.csproj", "{6CCBDDF2-2DFB-45B0-BA02-3D98E7F1B2B2}"
EndProject
Project("{FAE04EC0-301F-11D3-BF4B-00C04F79EFBC}") = "CS_Basic.Task_4_4", "CS_Basic.Task_4_4\CS_Basic.Task_4_4.csproj", "{C0EE196E-E87B-4EA5-A45C-5C0324749D74}"
EndProject
Project("{FAE04EC0-301F-11D3-BF4B-00C04F79EFBC}") = "CS_Basic.Task_4_5", "Task_4_5\CS_Basic.Task_4_5.csproj", "{7E04318B-6F65-42BD-84D1-102BB30C52CA}"
EndProject
Global
	GlobalSection(SolutionConfigurationPlatforms) = preSolution
		Debug|Any CPU = Debug|Any CPU
		Release|Any CPU = Release|Any CPU
	EndGlobalSection
	GlobalSection(ProjectConfigurationPlatforms) = postSolution
		{B79235D6-4A2F-4702-8552-ABA161E48564}.Debug|Any CPU.ActiveCfg = Debug|Any CPU
		{B79235D6-4A2F-4702-8552-ABA161E48564}.Debug|Any CPU.Build.0 = Debug|Any CPU
		{B79235D6-4A2F-4702-8552-ABA161E48564}.Release|Any CPU.ActiveCfg = Release|Any CPU
		{B79235D6-4A2F-4702-8552-ABA161E48564}.Release|Any CPU.Build.0 = Release|Any CPU
		{6CCBDDF2-2DFB-45B0-BA02-3D98E7F1B2B2}.Debug|Any CPU.ActiveCfg = Debug|Any CPU
		{6CCBDDF2-2DFB-45B0-BA02-3D98E7F1B2B2}.Debug|Any CPU.Build.0 = Debug|Any CPU
		{6CCBDDF2-2DFB-45B0-BA02-3D98E7F1B2B2}.Release|Any CPU.ActiveCfg = Release|Any CPU
		{6CCBDDF2-2DFB-45B0-BA02-3D98E7F1B2B2}.Release|Any CPU.Build.0 = Release|Any CPU
		{C0EE196E-E87B-4EA5-A45C-5C0324749D74}.Debug|Any CPU.ActiveCfg = Debug|Any CPU
		{C0EE196E-E87B-4EA5-A45C-5C0324749D74}.Debug|Any CPU.Build.0 = Debug|Any CPU
		{C0EE196E-E87B-4EA5-A45C-5C0324749D74}.Release|Any CPU.ActiveCfg = Release|Any CPU
		{C0EE196E-E87B-4EA5-A45C-5C0324749D74}.Release|Any CPU.Build.0 = Release|Any CPU
		{7E04318B-6F65-42BD-84D1-102BB30C52CA}.Debug|Any CPU.ActiveCfg = Debug|Any CPU
		{7E04318B-6F65-42BD-84D1-102BB30C52CA}.Debug|Any CPU.Build.0 = Debug|Any CPU
		{7E04318B-6F65-42BD-84D1-102BB30C52CA}.Release|Any CPU.ActiveCfg = Release|Any CPU
		{7E04318B-6F65-42BD-84D1-102BB30C52CA}.Release|Any CPU.Build.0 = Release|Any CPU
	EndGlobalSection
	GlobalSection(SolutionProperties) = preSolution
		HideSolutionNode = FALSE
	EndGlobalSection
	GlobalSection(ExtensibilityGlobals) = postSolution
		SolutionGuid = {306CD59B-5A33-4E25-A574-58CFAD8CF70E}
	EndGlobalSection
EndGlobal
