
Microsoft Visual Studio Solution File, Format Version 12.00
# Visual Studio Version 17
VisualStudioVersion = 17.4.33205.214
MinimumVisualStudioVersion = 10.0.40219.1
Project("{FAE04EC0-301F-11D3-BF4B-00C04F79EFBC}") = "LINQ_Part_2.Tasks_1_", "LINQ_Part_2.Tasks_1_\LINQ_Part_2.Tasks_1_.csproj", "{9028BE24-734B-4261-9038-AEFA81B2E9AC}"
EndProject
Project("{FAE04EC0-301F-11D3-BF4B-00C04F79EFBC}") = "LINQ_Part_2.Tasks_2_", "LINQ_Part_2.Tasks_2_\LINQ_Part_2.Tasks_2_.csproj", "{01AD28F8-7150-456C-AF9E-F4355A0A208F}"
EndProject
Project("{FAE04EC0-301F-11D3-BF4B-00C04F79EFBC}") = "LINQ.Task_3_3", "LINQ.Task_3_3\LINQ.Task_3_3.csproj", "{A11E93A3-ACB6-433F-9718-1BED7BD48B18}"
EndProject
Project("{FAE04EC0-301F-11D3-BF4B-00C04F79EFBC}") = "LINQ.Task_4_1", "LINQ.Task_4_1\LINQ.Task_4_1.csproj", "{F5CFE92E-B47D-4E25-8EEE-965655620D24}"
EndProject
Project("{FAE04EC0-301F-11D3-BF4B-00C04F79EFBC}") = "LINQ.Group", "LINQ.Group\LINQ.Group.csproj", "{E042574D-1F71-4FC0-9BE7-6D6856761614}"
EndProject
Global
	GlobalSection(SolutionConfigurationPlatforms) = preSolution
		Debug|Any CPU = Debug|Any CPU
		Release|Any CPU = Release|Any CPU
	EndGlobalSection
	GlobalSection(ProjectConfigurationPlatforms) = postSolution
		{9028BE24-734B-4261-9038-AEFA81B2E9AC}.Debug|Any CPU.ActiveCfg = Debug|Any CPU
		{9028BE24-734B-4261-9038-AEFA81B2E9AC}.Debug|Any CPU.Build.0 = Debug|Any CPU
		{9028BE24-734B-4261-9038-AEFA81B2E9AC}.Release|Any CPU.ActiveCfg = Release|Any CPU
		{9028BE24-734B-4261-9038-AEFA81B2E9AC}.Release|Any CPU.Build.0 = Release|Any CPU
		{01AD28F8-7150-456C-AF9E-F4355A0A208F}.Debug|Any CPU.ActiveCfg = Debug|Any CPU
		{01AD28F8-7150-456C-AF9E-F4355A0A208F}.Debug|Any CPU.Build.0 = Debug|Any CPU
		{01AD28F8-7150-456C-AF9E-F4355A0A208F}.Release|Any CPU.ActiveCfg = Release|Any CPU
		{01AD28F8-7150-456C-AF9E-F4355A0A208F}.Release|Any CPU.Build.0 = Release|Any CPU
		{A11E93A3-ACB6-433F-9718-1BED7BD48B18}.Debug|Any CPU.ActiveCfg = Debug|Any CPU
		{A11E93A3-ACB6-433F-9718-1BED7BD48B18}.Debug|Any CPU.Build.0 = Debug|Any CPU
		{A11E93A3-ACB6-433F-9718-1BED7BD48B18}.Release|Any CPU.ActiveCfg = Release|Any CPU
		{A11E93A3-ACB6-433F-9718-1BED7BD48B18}.Release|Any CPU.Build.0 = Release|Any CPU
		{F5CFE92E-B47D-4E25-8EEE-965655620D24}.Debug|Any CPU.ActiveCfg = Debug|Any CPU
		{F5CFE92E-B47D-4E25-8EEE-965655620D24}.Debug|Any CPU.Build.0 = Debug|Any CPU
		{F5CFE92E-B47D-4E25-8EEE-965655620D24}.Release|Any CPU.ActiveCfg = Release|Any CPU
		{F5CFE92E-B47D-4E25-8EEE-965655620D24}.Release|Any CPU.Build.0 = Release|Any CPU
		{E042574D-1F71-4FC0-9BE7-6D6856761614}.Debug|Any CPU.ActiveCfg = Debug|Any CPU
		{E042574D-1F71-4FC0-9BE7-6D6856761614}.Debug|Any CPU.Build.0 = Debug|Any CPU
		{E042574D-1F71-4FC0-9BE7-6D6856761614}.Release|Any CPU.ActiveCfg = Release|Any CPU
		{E042574D-1F71-4FC0-9BE7-6D6856761614}.Release|Any CPU.Build.0 = Release|Any CPU
	EndGlobalSection
	GlobalSection(SolutionProperties) = preSolution
		HideSolutionNode = FALSE
	EndGlobalSection
	GlobalSection(ExtensibilityGlobals) = postSolution
		SolutionGuid = {C8555C69-8FE8-4E99-8D9B-421E2DE964DE}
	EndGlobalSection
EndGlobal
