
Microsoft Visual Studio Solution File, Format Version 12.00
# Visual Studio Version 17
VisualStudioVersion = 17.4.33205.214
MinimumVisualStudioVersion = 10.0.40219.1
Project("{FAE04EC0-301F-11D3-BF4B-00C04F79EFBC}") = "Mock.UserRepository", "Mock.UserRepository\Mock.UserRepository.csproj", "{7F6C5554-00EC-482D-87C3-8789FF9C8C28}"
EndProject
Project("{FAE04EC0-301F-11D3-BF4B-00C04F79EFBC}") = "Mock.UserRepository.Tests", "Mock.UserRepository.Tests\Mock.UserRepository.Tests.csproj", "{039E2724-65F1-4AF8-8C8F-900D87A8BF19}"
EndProject
Project("{FAE04EC0-301F-11D3-BF4B-00C04F79EFBC}") = "Mock.BookRepository", "Mock.BookRepository\Mock.BookRepository.csproj", "{8F6A965B-91AC-4E3A-92E5-F23615CCB493}"
EndProject
Project("{FAE04EC0-301F-11D3-BF4B-00C04F79EFBC}") = "Mock.BookRepository.Tests", "Mock.BookRepository.Tests\Mock.BookRepository.Tests.csproj", "{82605974-8CD9-4766-BCC9-5A70DB59F27A}"
EndProject
Project("{FAE04EC0-301F-11D3-BF4B-00C04F79EFBC}") = "TDD.Task_4_3", "TDD.Task_4_3\TDD.Task_4_3.csproj", "{2E057A13-0027-431B-9D86-B19FC104D088}"
EndProject
Project("{FAE04EC0-301F-11D3-BF4B-00C04F79EFBC}") = "TDD.Task_4_3.Tests", "TDD.Task_4_3.Tests\TDD.Task_4_3.Tests.csproj", "{70682A98-B7EF-4065-B5DE-E475F44B74E7}"
EndProject
Global
	GlobalSection(SolutionConfigurationPlatforms) = preSolution
		Debug|Any CPU = Debug|Any CPU
		Release|Any CPU = Release|Any CPU
	EndGlobalSection
	GlobalSection(ProjectConfigurationPlatforms) = postSolution
		{7F6C5554-00EC-482D-87C3-8789FF9C8C28}.Debug|Any CPU.ActiveCfg = Debug|Any CPU
		{7F6C5554-00EC-482D-87C3-8789FF9C8C28}.Debug|Any CPU.Build.0 = Debug|Any CPU
		{7F6C5554-00EC-482D-87C3-8789FF9C8C28}.Release|Any CPU.ActiveCfg = Release|Any CPU
		{7F6C5554-00EC-482D-87C3-8789FF9C8C28}.Release|Any CPU.Build.0 = Release|Any CPU
		{039E2724-65F1-4AF8-8C8F-900D87A8BF19}.Debug|Any CPU.ActiveCfg = Debug|Any CPU
		{039E2724-65F1-4AF8-8C8F-900D87A8BF19}.Debug|Any CPU.Build.0 = Debug|Any CPU
		{039E2724-65F1-4AF8-8C8F-900D87A8BF19}.Release|Any CPU.ActiveCfg = Release|Any CPU
		{039E2724-65F1-4AF8-8C8F-900D87A8BF19}.Release|Any CPU.Build.0 = Release|Any CPU
		{8F6A965B-91AC-4E3A-92E5-F23615CCB493}.Debug|Any CPU.ActiveCfg = Debug|Any CPU
		{8F6A965B-91AC-4E3A-92E5-F23615CCB493}.Debug|Any CPU.Build.0 = Debug|Any CPU
		{8F6A965B-91AC-4E3A-92E5-F23615CCB493}.Release|Any CPU.ActiveCfg = Release|Any CPU
		{8F6A965B-91AC-4E3A-92E5-F23615CCB493}.Release|Any CPU.Build.0 = Release|Any CPU
		{82605974-8CD9-4766-BCC9-5A70DB59F27A}.Debug|Any CPU.ActiveCfg = Debug|Any CPU
		{82605974-8CD9-4766-BCC9-5A70DB59F27A}.Debug|Any CPU.Build.0 = Debug|Any CPU
		{82605974-8CD9-4766-BCC9-5A70DB59F27A}.Release|Any CPU.ActiveCfg = Release|Any CPU
		{82605974-8CD9-4766-BCC9-5A70DB59F27A}.Release|Any CPU.Build.0 = Release|Any CPU
		{2E057A13-0027-431B-9D86-B19FC104D088}.Debug|Any CPU.ActiveCfg = Debug|Any CPU
		{2E057A13-0027-431B-9D86-B19FC104D088}.Debug|Any CPU.Build.0 = Debug|Any CPU
		{2E057A13-0027-431B-9D86-B19FC104D088}.Release|Any CPU.ActiveCfg = Release|Any CPU
		{2E057A13-0027-431B-9D86-B19FC104D088}.Release|Any CPU.Build.0 = Release|Any CPU
		{70682A98-B7EF-4065-B5DE-E475F44B74E7}.Debug|Any CPU.ActiveCfg = Debug|Any CPU
		{70682A98-B7EF-4065-B5DE-E475F44B74E7}.Debug|Any CPU.Build.0 = Debug|Any CPU
		{70682A98-B7EF-4065-B5DE-E475F44B74E7}.Release|Any CPU.ActiveCfg = Release|Any CPU
		{70682A98-B7EF-4065-B5DE-E475F44B74E7}.Release|Any CPU.Build.0 = Release|Any CPU
	EndGlobalSection
	GlobalSection(SolutionProperties) = preSolution
		HideSolutionNode = FALSE
	EndGlobalSection
	GlobalSection(ExtensibilityGlobals) = postSolution
		SolutionGuid = {12C336CA-FFFA-466F-A0A8-0D867154EDA7}
	EndGlobalSection
EndGlobal
