
Microsoft Visual Studio Solution File, Format Version 12.00
# Visual Studio Version 17
VisualStudioVersion = 17.4.33205.214
MinimumVisualStudioVersion = 10.0.40219.1
Project("{9A19103F-16F7-4668-BE54-9A1E7A4F7556}") = "NUnitTest", "UnitTest\NUnitTest.csproj", "{16814197-72C6-4074-B639-0A7F17ADE9B9}"
EndProject
Project("{FAE04EC0-301F-11D3-BF4B-00C04F79EFBC}") = "NUnitTest.Tests", "UnitTest.Tests\NUnitTest.Tests.csproj", "{767F15B0-8151-4BBA-B2F8-EE0DF055F1AE}"
EndProject
Project("{FAE04EC0-301F-11D3-BF4B-00C04F79EFBC}") = "UnitTest.xUnitTest", "UnitTest.xUnitTest\UnitTest.xUnitTest.csproj", "{AEE97EAE-9BD1-4E0A-8425-13D415B142E5}"
EndProject
Global
	GlobalSection(SolutionConfigurationPlatforms) = preSolution
		Debug|Any CPU = Debug|Any CPU
		Release|Any CPU = Release|Any CPU
	EndGlobalSection
	GlobalSection(ProjectConfigurationPlatforms) = postSolution
		{16814197-72C6-4074-B639-0A7F17ADE9B9}.Debug|Any CPU.ActiveCfg = Debug|Any CPU
		{16814197-72C6-4074-B639-0A7F17ADE9B9}.Debug|Any CPU.Build.0 = Debug|Any CPU
		{16814197-72C6-4074-B639-0A7F17ADE9B9}.Release|Any CPU.ActiveCfg = Release|Any CPU
		{16814197-72C6-4074-B639-0A7F17ADE9B9}.Release|Any CPU.Build.0 = Release|Any CPU
		{767F15B0-8151-4BBA-B2F8-EE0DF055F1AE}.Debug|Any CPU.ActiveCfg = Debug|Any CPU
		{767F15B0-8151-4BBA-B2F8-EE0DF055F1AE}.Debug|Any CPU.Build.0 = Debug|Any CPU
		{767F15B0-8151-4BBA-B2F8-EE0DF055F1AE}.Release|Any CPU.ActiveCfg = Release|Any CPU
		{767F15B0-8151-4BBA-B2F8-EE0DF055F1AE}.Release|Any CPU.Build.0 = Release|Any CPU
		{AEE97EAE-9BD1-4E0A-8425-13D415B142E5}.Debug|Any CPU.ActiveCfg = Debug|Any CPU
		{AEE97EAE-9BD1-4E0A-8425-13D415B142E5}.Debug|Any CPU.Build.0 = Debug|Any CPU
		{AEE97EAE-9BD1-4E0A-8425-13D415B142E5}.Release|Any CPU.ActiveCfg = Release|Any CPU
		{AEE97EAE-9BD1-4E0A-8425-13D415B142E5}.Release|Any CPU.Build.0 = Release|Any CPU
	EndGlobalSection
	GlobalSection(SolutionProperties) = preSolution
		HideSolutionNode = FALSE
	EndGlobalSection
	GlobalSection(ExtensibilityGlobals) = postSolution
		SolutionGuid = {18BFCCC7-9898-4ED8-9F81-3357506ED07A}
	EndGlobalSection
EndGlobal
