
Microsoft Visual Studio Solution File, Format Version 12.00
# Visual Studio Version 17
VisualStudioVersion = 17.4.33205.214
MinimumVisualStudioVersion = 10.0.40219.1
Project("{FAE04EC0-301F-11D3-BF4B-00C04F79EFBC}") = "UnitTest.NUnitTest", "UnitTest.NUnitTest\UnitTest.NUnitTest.csproj", "{A18239C9-104C-4186-993A-5EEBE45952F4}"
EndProject
Project("{FAE04EC0-301F-11D3-BF4B-00C04F79EFBC}") = "UnitTest.NUnitTest.Tests", "UnitTest.NUnitTest.Tests\UnitTest.NUnitTest.Tests.csproj", "{29B79373-7D11-41B5-BAA8-D9F88FFA148C}"
EndProject
Global
	GlobalSection(SolutionConfigurationPlatforms) = preSolution
		Debug|Any CPU = Debug|Any CPU
		Release|Any CPU = Release|Any CPU
	EndGlobalSection
	GlobalSection(ProjectConfigurationPlatforms) = postSolution
		{A18239C9-104C-4186-993A-5EEBE45952F4}.Debug|Any CPU.ActiveCfg = Debug|Any CPU
		{A18239C9-104C-4186-993A-5EEBE45952F4}.Debug|Any CPU.Build.0 = Debug|Any CPU
		{A18239C9-104C-4186-993A-5EEBE45952F4}.Release|Any CPU.ActiveCfg = Release|Any CPU
		{A18239C9-104C-4186-993A-5EEBE45952F4}.Release|Any CPU.Build.0 = Release|Any CPU
		{29B79373-7D11-41B5-BAA8-D9F88FFA148C}.Debug|Any CPU.ActiveCfg = Debug|Any CPU
		{29B79373-7D11-41B5-BAA8-D9F88FFA148C}.Debug|Any CPU.Build.0 = Debug|Any CPU
		{29B79373-7D11-41B5-BAA8-D9F88FFA148C}.Release|Any CPU.ActiveCfg = Release|Any CPU
		{29B79373-7D11-41B5-BAA8-D9F88FFA148C}.Release|Any CPU.Build.0 = Release|Any CPU
	EndGlobalSection
	GlobalSection(SolutionProperties) = preSolution
		HideSolutionNode = FALSE
	EndGlobalSection
	GlobalSection(ExtensibilityGlobals) = postSolution
		SolutionGuid = {E14B840D-770D-49AA-8DE4-0358A9118512}
	EndGlobalSection
EndGlobal
